// !$*UTF8*$!
{
	archiveVersion = 1;
	classes = {
	};
	objectVersion = 48;
	objects = {

/* Begin PBXBuildFile section */
		7977FF731FDA2EB30001C09C /* AppDelegate.swift in Sources */ = {isa = PBXBuildFile; fileRef = 7977FF721FDA2EB30001C09C /* AppDelegate.swift */; };
		7977FF751FDA2EB30001C09C /* EntryListTableViewController.swift in Sources */ = {isa = PBXBuildFile; fileRef = 7977FF741FDA2EB30001C09C /* EntryListTableViewController.swift */; };
		7977FF781FDA2EB30001C09C /* Main.storyboard in Resources */ = {isa = PBXBuildFile; fileRef = 7977FF761FDA2EB30001C09C /* Main.storyboard */; };
		7977FF7A1FDA2EB30001C09C /* Assets.xcassets in Resources */ = {isa = PBXBuildFile; fileRef = 7977FF791FDA2EB30001C09C /* Assets.xcassets */; };
		7977FF7D1FDA2EB30001C09C /* LaunchScreen.storyboard in Resources */ = {isa = PBXBuildFile; fileRef = 7977FF7B1FDA2EB30001C09C /* LaunchScreen.storyboard */; };
		7977FF851FDA30260001C09C /* EntryCreatingViewController.swift in Sources */ = {isa = PBXBuildFile; fileRef = 7977FF841FDA30260001C09C /* EntryCreatingViewController.swift */; };
		7977FF871FDA30580001C09C /* EntryTableViewCell.swift in Sources */ = {isa = PBXBuildFile; fileRef = 7977FF861FDA30580001C09C /* EntryTableViewCell.swift */; };
		D0CE7406E3B9E8F67CEE276E /* Pods_MyJournals.framework in Frameworks */ = {isa = PBXBuildFile; fileRef = BE1AF19A8296AABE4BC5DB90 /* Pods_MyJournals.framework */; };
/* End PBXBuildFile section */

/* Begin PBXFileReference section */
		7977FF6F1FDA2EB30001C09C /* MyJournals.app */ = {isa = PBXFileReference; explicitFileType = wrapper.application; includeInIndex = 0; path = MyJournals.app; sourceTree = BUILT_PRODUCTS_DIR; };
		7977FF721FDA2EB30001C09C /* AppDelegate.swift */ = {isa = PBXFileReference; lastKnownFileType = sourcecode.swift; path = AppDelegate.swift; sourceTree = "<group>"; };
		7977FF741FDA2EB30001C09C /* EntryListTableViewController.swift */ = {isa = PBXFileReference; lastKnownFileType = sourcecode.swift; path = EntryListTableViewController.swift; sourceTree = "<group>"; };
		7977FF771FDA2EB30001C09C /* Base */ = {isa = PBXFileReference; lastKnownFileType = file.storyboard; name = Base; path = Base.lproj/Main.storyboard; sourceTree = "<group>"; };
		7977FF791FDA2EB30001C09C /* Assets.xcassets */ = {isa = PBXFileReference; lastKnownFileType = folder.assetcatalog; path = Assets.xcassets; sourceTree = "<group>"; };
		7977FF7C1FDA2EB30001C09C /* Base */ = {isa = PBXFileReference; lastKnownFileType = file.storyboard; name = Base; path = Base.lproj/LaunchScreen.storyboard; sourceTree = "<group>"; };
		7977FF7E1FDA2EB30001C09C /* Info.plist */ = {isa = PBXFileReference; lastKnownFileType = text.plist.xml; path = Info.plist; sourceTree = "<group>"; };
		7977FF841FDA30260001C09C /* EntryCreatingViewController.swift */ = {isa = PBXFileReference; lastKnownFileType = sourcecode.swift; path = EntryCreatingViewController.swift; sourceTree = "<group>"; };
		7977FF861FDA30580001C09C /* EntryTableViewCell.swift */ = {isa = PBXFileReference; lastKnownFileType = sourcecode.swift; path = EntryTableViewCell.swift; sourceTree = "<group>"; };
		8E3664DEFF4FA0DFC49A92B4 /* Pods-MyJournals.debug.xcconfig */ = {isa = PBXFileReference; includeInIndex = 1; lastKnownFileType = text.xcconfig; name = "Pods-MyJournals.debug.xcconfig"; path = "Pods/Target Support Files/Pods-MyJournals/Pods-MyJournals.debug.xcconfig"; sourceTree = "<group>"; };
		9453B48A887832A3FB1B51CB /* Pods-MyJournals.release.xcconfig */ = {isa = PBXFileReference; includeInIndex = 1; lastKnownFileType = text.xcconfig; name = "Pods-MyJournals.release.xcconfig"; path = "Pods/Target Support Files/Pods-MyJournals/Pods-MyJournals.release.xcconfig"; sourceTree = "<group>"; };
		BE1AF19A8296AABE4BC5DB90 /* Pods_MyJournals.framework */ = {isa = PBXFileReference; explicitFileType = wrapper.framework; includeInIndex = 0; path = Pods_MyJournals.framework; sourceTree = BUILT_PRODUCTS_DIR; };
/* End PBXFileReference section */

/* Begin PBXFrameworksBuildPhase section */
		7977FF6C1FDA2EB30001C09C /* Frameworks */ = {
			isa = PBXFrameworksBuildPhase;
			buildActionMask = 2147483647;
			files = (
				D0CE7406E3B9E8F67CEE276E /* Pods_MyJournals.framework in Frameworks */,
			);
			runOnlyForDeploymentPostprocessing = 0;
		};
/* End PBXFrameworksBuildPhase section */

/* Begin PBXGroup section */
		76A8CA73A99281A8F8AFAA18 /* Frameworks */ = {
			isa = PBXGroup;
			children = (
				BE1AF19A8296AABE4BC5DB90 /* Pods_MyJournals.framework */,
			);
			name = Frameworks;
			sourceTree = "<group>";
		};
		7977FF661FDA2EB30001C09C = {
			isa = PBXGroup;
			children = (
				7977FF711FDA2EB30001C09C /* MyJournals */,
				7977FF701FDA2EB30001C09C /* Products */,
				C0D745A4EBE5A2FFFE4D21F9 /* Pods */,
				76A8CA73A99281A8F8AFAA18 /* Frameworks */,
			);
			sourceTree = "<group>";
		};
		7977FF701FDA2EB30001C09C /* Products */ = {
			isa = PBXGroup;
			children = (
				7977FF6F1FDA2EB30001C09C /* MyJournals.app */,
			);
			name = Products;
			sourceTree = "<group>";
		};
		7977FF711FDA2EB30001C09C /* MyJournals */ = {
			isa = PBXGroup;
			children = (
				7977FF721FDA2EB30001C09C /* AppDelegate.swift */,
				7977FF861FDA30580001C09C /* EntryTableViewCell.swift */,
				7977FF741FDA2EB30001C09C /* EntryListTableViewController.swift */,
				7977FF841FDA30260001C09C /* EntryCreatingViewController.swift */,
				7977FF761FDA2EB30001C09C /* Main.storyboard */,
				7977FF791FDA2EB30001C09C /* Assets.xcassets */,
				7977FF7B1FDA2EB30001C09C /* LaunchScreen.storyboard */,
				7977FF7E1FDA2EB30001C09C /* Info.plist */,
			);
			path = MyJournals;
			sourceTree = "<group>";
		};
		C0D745A4EBE5A2FFFE4D21F9 /* Pods */ = {
			isa = PBXGroup;
			children = (
				8E3664DEFF4FA0DFC49A92B4 /* Pods-MyJournals.debug.xcconfig */,
				9453B48A887832A3FB1B51CB /* Pods-MyJournals.release.xcconfig */,
			);
			name = Pods;
			sourceTree = "<group>";
		};
/* End PBXGroup section */

/* Begin PBXNativeTarget section */
		7977FF6E1FDA2EB30001C09C /* MyJournals */ = {
			isa = PBXNativeTarget;
			buildConfigurationList = 7977FF811FDA2EB30001C09C /* Build configuration list for PBXNativeTarget "MyJournals" */;
			buildPhases = (
				F1D19F0825E16D5E50FF0B9E /* [CP] Check Pods Manifest.lock */,
				7977FF6B1FDA2EB30001C09C /* Sources */,
				7977FF6C1FDA2EB30001C09C /* Frameworks */,
				7977FF6D1FDA2EB30001C09C /* Resources */,
				958526C9A02E6C9F840FDC69 /* [CP] Embed Pods Frameworks */,
				F447490F9EACB58A6A02FD1D /* [CP] Copy Pods Resources */,
			);
			buildRules = (
			);
			dependencies = (
			);
			name = MyJournals;
			productName = MyJournals;
			productReference = 7977FF6F1FDA2EB30001C09C /* MyJournals.app */;
			productType = "com.apple.product-type.application";
		};
/* End PBXNativeTarget section */

/* Begin PBXProject section */
		7977FF671FDA2EB30001C09C /* Project object */ = {
			isa = PBXProject;
			attributes = {
				LastSwiftUpdateCheck = 0920;
				LastUpgradeCheck = 0920;
				ORGANIZATIONNAME = LostRfounds;
				TargetAttributes = {
					7977FF6E1FDA2EB30001C09C = {
						CreatedOnToolsVersion = 9.2;
						ProvisioningStyle = Automatic;
					};
				};
			};
			buildConfigurationList = 7977FF6A1FDA2EB30001C09C /* Build configuration list for PBXProject "MyJournals" */;
			compatibilityVersion = "Xcode 8.0";
			developmentRegion = en;
			hasScannedForEncodings = 0;
			knownRegions = (
				en,
				Base,
			);
			mainGroup = 7977FF661FDA2EB30001C09C;
			productRefGroup = 7977FF701FDA2EB30001C09C /* Products */;
			projectDirPath = "";
			projectRoot = "";
			targets = (
				7977FF6E1FDA2EB30001C09C /* MyJournals */,
			);
		};
/* End PBXProject section */

/* Begin PBXResourcesBuildPhase section */
		7977FF6D1FDA2EB30001C09C /* Resources */ = {
			isa = PBXResourcesBuildPhase;
			buildActionMask = 2147483647;
			files = (
				7977FF7D1FDA2EB30001C09C /* LaunchScreen.storyboard in Resources */,
				7977FF7A1FDA2EB30001C09C /* Assets.xcassets in Resources */,
				7977FF781FDA2EB30001C09C /* Main.storyboard in Resources */,
			);
			runOnlyForDeploymentPostprocessing = 0;
		};
/* End PBXResourcesBuildPhase section */

/* Begin PBXShellScriptBuildPhase section */
		958526C9A02E6C9F840FDC69 /* [CP] Embed Pods Frameworks */ = {
			isa = PBXShellScriptBuildPhase;
			buildActionMask = 2147483647;
			files = (
			);
			inputPaths = (
				"${SRCROOT}/Pods/Target Support Files/Pods-MyJournals/Pods-MyJournals-frameworks.sh",
				"${BUILT_PRODUCTS_DIR}/BNRCoreDataStack/BNRCoreDataStack.framework",
				"${BUILT_PRODUCTS_DIR}/IQKeyboardManagerSwift/IQKeyboardManagerSwift.framework",
			);
			name = "[CP] Embed Pods Frameworks";
			outputPaths = (
				"${TARGET_BUILD_DIR}/${FRAMEWORKS_FOLDER_PATH}/BNRCoreDataStack.framework",
				"${TARGET_BUILD_DIR}/${FRAMEWORKS_FOLDER_PATH}/IQKeyboardManagerSwift.framework",
			);
			runOnlyForDeploymentPostprocessing = 0;
			shellPath = /bin/sh;
			shellScript = "\"${SRCROOT}/Pods/Target Support Files/Pods-MyJournals/Pods-MyJournals-frameworks.sh\"\n";
			showEnvVarsInLog = 0;
		};
		F1D19F0825E16D5E50FF0B9E /* [CP] Check Pods Manifest.lock */ = {
			isa = PBXShellScriptBuildPhase;
			buildActionMask = 2147483647;
			files = (
			);
			inputPaths = (
				"${PODS_PODFILE_DIR_PATH}/Podfile.lock",
				"${PODS_ROOT}/Manifest.lock",
			);
			name = "[CP] Check Pods Manifest.lock";
			outputPaths = (
				"$(DERIVED_FILE_DIR)/Pods-MyJournals-checkManifestLockResult.txt",
			);
			runOnlyForDeploymentPostprocessing = 0;
			shellPath = /bin/sh;
			shellScript = "diff \"${PODS_PODFILE_DIR_PATH}/Podfile.lock\" \"${PODS_ROOT}/Manifest.lock\" > /dev/null\nif [ $? != 0 ] ; then\n    # print error to STDERR\n    echo \"error: The sandbox is not in sync with the Podfile.lock. Run 'pod install' or update your CocoaPods installation.\" >&2\n    exit 1\nfi\n# This output is used by Xcode 'outputs' to avoid re-running this script phase.\necho \"SUCCESS\" > \"${SCRIPT_OUTPUT_FILE_0}\"\n";
			showEnvVarsInLog = 0;
		};
		F447490F9EACB58A6A02FD1D /* [CP] Copy Pods Resources */ = {
			isa = PBXShellScriptBuildPhase;
			buildActionMask = 2147483647;
			files = (
			);
			inputPaths = (
			);
			name = "[CP] Copy Pods Resources";
			outputPaths = (
			);
			runOnlyForDeploymentPostprocessing = 0;
			shellPath = /bin/sh;
			shellScript = "\"${SRCROOT}/Pods/Target Support Files/Pods-MyJournals/Pods-MyJournals-resources.sh\"\n";
			showEnvVarsInLog = 0;
		};
/* End PBXShellScriptBuildPhase section */

/* Begin PBXSourcesBuildPhase section */
		7977FF6B1FDA2EB30001C09C /* Sources */ = {
			isa = PBXSourcesBuildPhase;
			buildActionMask = 2147483647;
			files = (
				7977FF871FDA30580001C09C /* EntryTableViewCell.swift in Sources */,
				7977FF751FDA2EB30001C09C /* EntryListTableViewController.swift in Sources */,
				7977FF851FDA30260001C09C /* EntryCreatingViewController.swift in Sources */,
				7977FF731FDA2EB30001C09C /* AppDelegate.swift in Sources */,
			);
			runOnlyForDeploymentPostprocessing = 0;
		};
/* End PBXSourcesBuildPhase section */

/* Begin PBXVariantGroup section */
		7977FF761FDA2EB30001C09C /* Main.storyboard */ = {
			isa = PBXVariantGroup;
			children = (
				7977FF771FDA2EB30001C09C /* Base */,
			);
			name = Main.storyboard;
			sourceTree = "<group>";
		};
		7977FF7B1FDA2EB30001C09C /* LaunchScreen.storyboard */ = {
			isa = PBXVariantGroup;
			children = (
				7977FF7C1FDA2EB30001C09C /* Base */,
			);
			name = LaunchScreen.storyboard;
			sourceTree = "<group>";
		};
/* End PBXVariantGroup section */

/* Begin XCBuildConfiguration section */
		7977FF7F1FDA2EB30001C09C /* Debug */ = {
			isa = XCBuildConfiguration;
			buildSettings = {
				ALWAYS_SEARCH_USER_PATHS = NO;
				CLANG_ANALYZER_NONNULL = YES;
				CLANG_ANALYZER_NUMBER_OBJECT_CONVERSION = YES_AGGRESSIVE;
				CLANG_CXX_LANGUAGE_STANDARD = "gnu++14";
				CLANG_CXX_LIBRARY = "libc++";
				CLANG_ENABLE_MODULES = YES;
				CLANG_ENABLE_OBJC_ARC = YES;
				CLANG_WARN_BLOCK_CAPTURE_AUTORELEASING = YES;
				CLANG_WARN_BOOL_CONVERSION = YES;
				CLANG_WARN_COMMA = YES;
				CLANG_WARN_CONSTANT_CONVERSION = YES;
				CLANG_WARN_DIRECT_OBJC_ISA_USAGE = YES_ERROR;
				CLANG_WARN_DOCUMENTATION_COMMENTS = YES;
				CLANG_WARN_EMPTY_BODY = YES;
				CLANG_WARN_ENUM_CONVERSION = YES;
				CLANG_WARN_INFINITE_RECURSION = YES;
				CLANG_WARN_INT_CONVERSION = YES;
				CLANG_WARN_NON_LITERAL_NULL_CONVERSION = YES;
				CLANG_WARN_OBJC_LITERAL_CONVERSION = YES;
				CLANG_WARN_OBJC_ROOT_CLASS = YES_ERROR;
				CLANG_WARN_RANGE_LOOP_ANALYSIS = YES;
				CLANG_WARN_STRICT_PROTOTYPES = YES;
				CLANG_WARN_SUSPICIOUS_MOVE = YES;
				CLANG_WARN_UNGUARDED_AVAILABILITY = YES_AGGRESSIVE;
				CLANG_WARN_UNREACHABLE_CODE = YES;
				CLANG_WARN__DUPLICATE_METHOD_MATCH = YES;
				CODE_SIGN_IDENTITY = "iPhone Developer";
				COPY_PHASE_STRIP = NO;
				DEBUG_INFORMATION_FORMAT = dwarf;
				ENABLE_STRICT_OBJC_MSGSEND = YES;
				ENABLE_TESTABILITY = YES;
				GCC_C_LANGUAGE_STANDARD = gnu11;
				GCC_DYNAMIC_NO_PIC = NO;
				GCC_NO_COMMON_BLOCKS = YES;
				GCC_OPTIMIZATION_LEVEL = 0;
				GCC_PREPROCESSOR_DEFINITIONS = (
					"DEBUG=1",
					"$(inherited)",
				);
				GCC_WARN_64_TO_32_BIT_CONVERSION = YES;
				GCC_WARN_ABOUT_RETURN_TYPE = YES_ERROR;
				GCC_WARN_UNDECLARED_SELECTOR = YES;
				GCC_WARN_UNINITIALIZED_AUTOS = YES_AGGRESSIVE;
				GCC_WARN_UNUSED_FUNCTION = YES;
				GCC_WARN_UNUSED_VARIABLE = YES;
				IPHONEOS_DEPLOYMENT_TARGET = 11.2;
				MTL_ENABLE_DEBUG_INFO = YES;
				ONLY_ACTIVE_ARCH = YES;
				SDKROOT = iphoneos;
				SWIFT_ACTIVE_COMPILATION_CONDITIONS = DEBUG;
				SWIFT_OPTIMIZATION_LEVEL = "-Onone";
			};
			name = Debug;
		};
		7977FF801FDA2EB30001C09C /* Release */ = {
			isa = XCBuildConfiguration;
			buildSettings = {
				ALWAYS_SEARCH_USER_PATHS = NO;
				CLANG_ANALYZER_NONNULL = YES;
				CLANG_ANALYZER_NUMBER_OBJECT_CONVERSION = YES_AGGRESSIVE;
				CLANG_CXX_LANGUAGE_STANDARD = "gnu++14";
				CLANG_CXX_LIBRARY = "libc++";
				CLANG_ENABLE_MODULES = YES;
				CLANG_ENABLE_OBJC_ARC = YES;
				CLANG_WARN_BLOCK_CAPTURE_AUTORELEASING = YES;
				CLANG_WARN_BOOL_CONVERSION = YES;
				CLANG_WARN_COMMA = YES;
				CLANG_WARN_CONSTANT_CONVERSION = YES;
				CLANG_WARN_DIRECT_OBJC_ISA_USAGE = YES_ERROR;
				CLANG_WARN_DOCUMENTATION_COMMENTS = YES;
				CLANG_WARN_EMPTY_BODY = YES;
				CLANG_WARN_ENUM_CONVERSION = YES;
				CLANG_WARN_INFINITE_RECURSION = YES;
				CLANG_WARN_INT_CONVERSION = YES;
				CLANG_WARN_NON_LITERAL_NULL_CONVERSION = YES;
				CLANG_WARN_OBJC_LITERAL_CONVERSION = YES;
				CLANG_WARN_OBJC_ROOT_CLASS = YES_ERROR;
				CLANG_WARN_RANGE_LOOP_ANALYSIS = YES;
				CLANG_WARN_STRICT_PROTOTYPES = YES;
				CLANG_WARN_SUSPICIOUS_MOVE = YES;
				CLANG_WARN_UNGUARDED_AVAILABILITY = YES_AGGRESSIVE;
				CLANG_WARN_UNREACHABLE_CODE = YES;
				CLANG_WARN__DUPLICATE_METHOD_MATCH = YES;
				CODE_SIGN_IDENTITY = "iPhone Developer";
				COPY_PHASE_STRIP = NO;
				DEBUG_INFORMATION_FORMAT = "dwarf-with-dsym";
				ENABLE_NS_ASSERTIONS = NO;
				ENABLE_STRICT_OBJC_MSGSEND = YES;
				GCC_C_LANGUAGE_STANDARD = gnu11;
				GCC_NO_COMMON_BLOCKS = YES;
				GCC_WARN_64_TO_32_BIT_CONVERSION = YES;
				GCC_WARN_ABOUT_RETURN_TYPE = YES_ERROR;
				GCC_WARN_UNDECLARED_SELECTOR = YES;
				GCC_WARN_UNINITIALIZED_AUTOS = YES_AGGRESSIVE;
				GCC_WARN_UNUSED_FUNCTION = YES;
				GCC_WARN_UNUSED_VARIABLE = YES;
				IPHONEOS_DEPLOYMENT_TARGET = 11.2;
				MTL_ENABLE_DEBUG_INFO = NO;
				SDKROOT = iphoneos;
				SWIFT_OPTIMIZATION_LEVEL = "-Owholemodule";
				VALIDATE_PRODUCT = YES;
			};
			name = Release;
		};
		7977FF821FDA2EB30001C09C /* Debug */ = {
			isa = XCBuildConfiguration;
			baseConfigurationReference = 8E3664DEFF4FA0DFC49A92B4 /* Pods-MyJournals.debug.xcconfig */;
			buildSettings = {
				ASSETCATALOG_COMPILER_APPICON_NAME = AppIcon;
				CODE_SIGN_STYLE = Automatic;
				DEVELOPMENT_TEAM = 6VGZ364YLD;
				INFOPLIST_FILE = MyJournals/Info.plist;
				LD_RUNPATH_SEARCH_PATHS = "$(inherited) @executable_path/Frameworks";
				PRODUCT_BUNDLE_IDENTIFIER = com.LostRfounds.MyJournals;
				PRODUCT_NAME = "$(TARGET_NAME)";
				SWIFT_VERSION = 4.0;
				TARGETED_DEVICE_FAMILY = "1,2";
			};
			name = Debug;
		};
		7977FF831FDA2EB30001C09C /* Release */ = {
			isa = XCBuildConfiguration;
			baseConfigurationReference = 9453B48A887832A3FB1B51CB /* Pods-MyJournals.release.xcconfig */;
			buildSettings = {
				ASSETCATALOG_COMPILER_APPICON_NAME = AppIcon;
				CODE_SIGN_STYLE = Automatic;
				DEVELOPMENT_TEAM = 6VGZ364YLD;
				INFOPLIST_FILE = MyJournals/Info.plist;
				LD_RUNPATH_SEARCH_PATHS = "$(inherited) @executable_path/Frameworks";
				PRODUCT_BUNDLE_IDENTIFIER = com.LostRfounds.MyJournals;
				PRODUCT_NAME = "$(TARGET_NAME)";
				SWIFT_VERSION = 4.0;
				TARGETED_DEVICE_FAMILY = "1,2";
			};
			name = Release;
		};
/* End XCBuildConfiguration section */

/* Begin XCConfigurationList section */
		7977FF6A1FDA2EB30001C09C /* Build configuration list for PBXProject "MyJournals" */ = {
			isa = XCConfigurationList;
			buildConfigurations = (
				7977FF7F1FDA2EB30001C09C /* Debug */,
				7977FF801FDA2EB30001C09C /* Release */,
			);
			defaultConfigurationIsVisible = 0;
			defaultConfigurationName = Release;
		};
		7977FF811FDA2EB30001C09C /* Build configuration list for PBXNativeTarget "MyJournals" */ = {
			isa = XCConfigurationList;
			buildConfigurations = (
				7977FF821FDA2EB30001C09C /* Debug */,
				7977FF831FDA2EB30001C09C /* Release */,
			);
			defaultConfigurationIsVisible = 0;
			defaultConfigurationName = Release;
		};
/* End XCConfigurationList section */
	};
	rootObject = 7977FF671FDA2EB30001C09C /* Project object */;
}
